
Microsoft Visual Studio Solution File, Format Version 12.00
# Visual Studio Version 17
VisualStudioVersion = 17.5.002.0
MinimumVisualStudioVersion = 10.0.40219.1
Project("{9A19103F-16F7-4668-BE54-9A1E7A4F7556}") = "TestProject", "TestProject.csproj", "{7D4BB648-044C-41B3-A135-B5DD88902D3C}"
EndProject
Global
	GlobalSection(SolutionConfigurationPlatforms) = preSolution
		Debug|Any CPU = Debug|Any CPU
		Release|Any CPU = Release|Any CPU
	EndGlobalSection
	GlobalSection(ProjectConfigurationPlatforms) = postSolution
		{7D4BB648-044C-41B3-A135-B5DD88902D3C}.Debug|Any CPU.ActiveCfg = Debug|Any CPU
		{7D4BB648-044C-41B3-A135-B5DD88902D3C}.Debug|Any CPU.Build.0 = Debug|Any CPU
		{7D4BB648-044C-41B3-A135-B5DD88902D3C}.Release|Any CPU.ActiveCfg = Release|Any CPU
		{7D4BB648-044C-41B3-A135-B5DD88902D3C}.Release|Any CPU.Build.0 = Release|Any CPU
	EndGlobalSection
	GlobalSection(SolutionProperties) = preSolution
		HideSolutionNode = FALSE
	EndGlobalSection
	GlobalSection(ExtensibilityGlobals) = postSolution
		SolutionGuid = {08F14C13-679C-4F5E-A0F8-8720D779006F}
	EndGlobalSection
EndGlobal
